
Microsoft Visual Studio Solution File, Format Version 12.00
# Visual Studio Version 16
VisualStudioVersion = 16.0.29230.47
MinimumVisualStudioVersion = 10.0.40219.1
Project("{FAE04EC0-301F-11D3-BF4B-00C04F79EFBC}") = "Lommeregner-Projekt", "Lommeregner-Projekt\Lommeregner-Projekt.csproj", "{EFD54266-D2BB-4B19-94C8-87AC7356FE7C}"
EndProject
Global
	GlobalSection(SolutionConfigurationPlatforms) = preSolution
		Debug|Any CPU = Debug|Any CPU
		Release|Any CPU = Release|Any CPU
	EndGlobalSection
	GlobalSection(ProjectConfigurationPlatforms) = postSolution
		{EFD54266-D2BB-4B19-94C8-87AC7356FE7C}.Debug|Any CPU.ActiveCfg = Debug|Any CPU
		{EFD54266-D2BB-4B19-94C8-87AC7356FE7C}.Debug|Any CPU.Build.0 = Debug|Any CPU
		{EFD54266-D2BB-4B19-94C8-87AC7356FE7C}.Release|Any CPU.ActiveCfg = Release|Any CPU
		{EFD54266-D2BB-4B19-94C8-87AC7356FE7C}.Release|Any CPU.Build.0 = Release|Any CPU
	EndGlobalSection
	GlobalSection(SolutionProperties) = preSolution
		HideSolutionNode = FALSE
	EndGlobalSection
	GlobalSection(ExtensibilityGlobals) = postSolution
		SolutionGuid = {3EACCE4D-CA85-474F-A630-5E3A41ED6D39}
	EndGlobalSection
EndGlobal
